
Microsoft Visual Studio Solution File, Format Version 12.00
# Visual Studio Version 16
VisualStudioVersion = 16.0.36631.11
MinimumVisualStudioVersion = 10.0.40219.1
Project("{FAE04EC0-301F-11D3-BF4B-00C04F79EFBC}") = "Music.WebSite", "Music.WebSite\Music.WebSite.csproj", "{614AD674-CB95-4424-801A-5A22C6DF6CB9}"
EndProject
Global
	GlobalSection(SolutionConfigurationPlatforms) = preSolution
		Debug|Any CPU = Debug|Any CPU
		Release|Any CPU = Release|Any CPU
	EndGlobalSection
	GlobalSection(ProjectConfigurationPlatforms) = postSolution
		{614AD674-CB95-4424-801A-5A22C6DF6CB9}.Debug|Any CPU.ActiveCfg = Debug|Any CPU
		{614AD674-CB95-4424-801A-5A22C6DF6CB9}.Debug|Any CPU.Build.0 = Debug|Any CPU
		{614AD674-CB95-4424-801A-5A22C6DF6CB9}.Release|Any CPU.ActiveCfg = Release|Any CPU
		{614AD674-CB95-4424-801A-5A22C6DF6CB9}.Release|Any CPU.Build.0 = Release|Any CPU
	EndGlobalSection
	GlobalSection(SolutionProperties) = preSolution
		HideSolutionNode = FALSE
	EndGlobalSection
	GlobalSection(ExtensibilityGlobals) = postSolution
		SolutionGuid = {E1C329D7-152E-476E-B25D-326F7767FA19}
	EndGlobalSection
EndGlobal
